
Microsoft Visual Studio Solution File, Format Version 12.00
Project("{FAE04EC0-301F-11D3-BF4B-00C04F79EFBC}") = "MasterServer", "MasterServer\MasterServer.csproj", "{A6214EE8-7927-4A9E-9C28-25F835E2977B}"
EndProject
Project("{FAE04EC0-301F-11D3-BF4B-00C04F79EFBC}") = "ComputerUtils", "ComputerUtils\ComputerUtils\ComputerUtils.csproj", "{35BB6CC6-356A-4A46-8A82-D50133A30332}"
EndProject
Global
	GlobalSection(SolutionConfigurationPlatforms) = preSolution
		Debug|Any CPU = Debug|Any CPU
		Release|Any CPU = Release|Any CPU
	EndGlobalSection
	GlobalSection(ProjectConfigurationPlatforms) = postSolution
		{A6214EE8-7927-4A9E-9C28-25F835E2977B}.Debug|Any CPU.ActiveCfg = Debug|Any CPU
		{A6214EE8-7927-4A9E-9C28-25F835E2977B}.Debug|Any CPU.Build.0 = Debug|Any CPU
		{A6214EE8-7927-4A9E-9C28-25F835E2977B}.Release|Any CPU.ActiveCfg = Release|Any CPU
		{A6214EE8-7927-4A9E-9C28-25F835E2977B}.Release|Any CPU.Build.0 = Release|Any CPU
		{35BB6CC6-356A-4A46-8A82-D50133A30332}.Debug|Any CPU.ActiveCfg = Debug|Any CPU
		{35BB6CC6-356A-4A46-8A82-D50133A30332}.Debug|Any CPU.Build.0 = Debug|Any CPU
		{35BB6CC6-356A-4A46-8A82-D50133A30332}.Release|Any CPU.ActiveCfg = Release|Any CPU
		{35BB6CC6-356A-4A46-8A82-D50133A30332}.Release|Any CPU.Build.0 = Release|Any CPU
	EndGlobalSection
EndGlobal
